
Microsoft Visual Studio Solution File, Format Version 12.00
# Visual Studio 14
VisualStudioVersion = 14.0.24720.0
MinimumVisualStudioVersion = 10.0.40219.1
Project("{8BB2217D-0F2D-49D1-97BC-3654ED321F3B}") = "FsSrGen", "src\FsSrGen\FsSrGen.xproj", "{38B0C6AD-07F8-4B47-BC97-9C42DAC82D37}"
EndProject
Project("{8BB2217D-0F2D-49D1-97BC-3654ED321F3B}") = "dotnet-fssrgen", "src\dotnet-fssrgen\dotnet-fssrgen.xproj", "{B3434673-7AB6-45A1-B62E-4ABEEE89AD4B}"
EndProject
Global
	GlobalSection(SolutionConfigurationPlatforms) = preSolution
		Debug|Any CPU = Debug|Any CPU
		Release|Any CPU = Release|Any CPU
	EndGlobalSection
	GlobalSection(ProjectConfigurationPlatforms) = postSolution
		{38B0C6AD-07F8-4B47-BC97-9C42DAC82D37}.Debug|Any CPU.ActiveCfg = Debug|Any CPU
		{38B0C6AD-07F8-4B47-BC97-9C42DAC82D37}.Debug|Any CPU.Build.0 = Debug|Any CPU
		{38B0C6AD-07F8-4B47-BC97-9C42DAC82D37}.Release|Any CPU.ActiveCfg = Release|Any CPU
		{38B0C6AD-07F8-4B47-BC97-9C42DAC82D37}.Release|Any CPU.Build.0 = Release|Any CPU
		{B3434673-7AB6-45A1-B62E-4ABEEE89AD4B}.Debug|Any CPU.ActiveCfg = Debug|Any CPU
		{B3434673-7AB6-45A1-B62E-4ABEEE89AD4B}.Debug|Any CPU.Build.0 = Debug|Any CPU
		{B3434673-7AB6-45A1-B62E-4ABEEE89AD4B}.Release|Any CPU.ActiveCfg = Release|Any CPU
		{B3434673-7AB6-45A1-B62E-4ABEEE89AD4B}.Release|Any CPU.Build.0 = Release|Any CPU
	EndGlobalSection
	GlobalSection(SolutionProperties) = preSolution
		HideSolutionNode = FALSE
	EndGlobalSection
EndGlobal
